
Microsoft Visual Studio Solution File, Format Version 12.00
# Visual Studio Version 16
VisualStudioVersion = 16.0.31005.135
MinimumVisualStudioVersion = 10.0.40219.1
Project("{FAE04EC0-301F-11D3-BF4B-00C04F79EFBC}") = "PasswordManager", "PasswordManager\PasswordManager.csproj", "{C248879F-3307-455D-B05B-AE1DD0EE83BB}"
EndProject
Global
	GlobalSection(SolutionConfigurationPlatforms) = preSolution
		Debug|Any CPU = Debug|Any CPU
		Release|Any CPU = Release|Any CPU
	EndGlobalSection
	GlobalSection(ProjectConfigurationPlatforms) = postSolution
		{C248879F-3307-455D-B05B-AE1DD0EE83BB}.Debug|Any CPU.ActiveCfg = Debug|Any CPU
		{C248879F-3307-455D-B05B-AE1DD0EE83BB}.Debug|Any CPU.Build.0 = Debug|Any CPU
		{C248879F-3307-455D-B05B-AE1DD0EE83BB}.Release|Any CPU.ActiveCfg = Release|Any CPU
		{C248879F-3307-455D-B05B-AE1DD0EE83BB}.Release|Any CPU.Build.0 = Release|Any CPU
	EndGlobalSection
	GlobalSection(SolutionProperties) = preSolution
		HideSolutionNode = FALSE
	EndGlobalSection
	GlobalSection(ExtensibilityGlobals) = postSolution
		SolutionGuid = {828C12FE-9416-4E11-BED0-8771CAF10441}
	EndGlobalSection
EndGlobal
